// !$*UTF8*$!
{
	archiveVersion = 1;
	classes = {};
	objectVersion = 77;
	objects = {

		A10000000000000000000001 /* main.swift in Sources */ = {isa = PBXBuildFile; fileRef = A10000000000000000000002 /* main.swift */; };
		A10000000000000000000012 /* Assets.xcassets in Resources */ = {isa = PBXBuildFile; fileRef = A10000000000000000000013 /* Assets.xcassets */; };
		A10000000000000000000002 /* main.swift */ = {isa = PBXFileReference; lastKnownFileType = sourcecode.swift; path = main.swift; sourceTree = "<group>"; };
		A10000000000000000000003 /* DotiiManagementCenter.app */ = {isa = PBXFileReference; explicitFileType = wrapper.application; includeInIndex = 0; path = DotiiManagementCenter.app; sourceTree = BUILT_PRODUCTS_DIR; };
		A10000000000000000000013 /* Assets.xcassets */ = {isa = PBXFileReference; lastKnownFileType = folder.assetcatalog; path = Assets.xcassets; sourceTree = "<group>"; };
		A10000000000000000000004 = {
			isa = PBXGroup;
			children = (
				A10000000000000000000005 /* DotiiManagementCenter */,
				A10000000000000000000006 /* Products */,
			);
			sourceTree = "<group>";
		};
		A10000000000000000000005 /* DotiiManagementCenter */ = {
			isa = PBXGroup;
			children = (
				A10000000000000000000002 /* main.swift */,
				A10000000000000000000013 /* Assets.xcassets */,
			);
			path = DotiiManagementCenter;
			sourceTree = "<group>";
		};
		A10000000000000000000006 /* Products */ = {
			isa = PBXGroup;
			children = (A10000000000000000000003 /* DotiiManagementCenter.app */);
			name = Products;
			sourceTree = "<group>";
		};
		A10000000000000000000007 /* Project object */ = {
			isa = PBXProject;
			attributes = {
				BuildIndependentTargetsInParallel = 1;
				LastSwiftUpdateCheck = 2660;
				LastUpgradeCheck = 2660;
			};
			buildConfigurationList = A10000000000000000000008 /* Build configuration list for PBXProject */;
			developmentRegion = zh_CN;
			hasScannedForEncodings = 0;
			knownRegions = (Base, zh_CN, en);
			mainGroup = A10000000000000000000004;
			productRefGroup = A10000000000000000000006 /* Products */;
			projectDirPath = "";
			projectRoot = "";
			targets = (A10000000000000000000009 /* DotiiManagementCenter */);
		};
		A10000000000000000000009 /* DotiiManagementCenter */ = {
			isa = PBXNativeTarget;
			buildConfigurationList = A1000000000000000000000A /* Build configuration list for PBXNativeTarget */;
			buildPhases = (
				A1000000000000000000000B /* Sources */,
				A1000000000000000000000C /* Frameworks */,
				A1000000000000000000000D /* Resources */,
			);
			buildRules = ();
			dependencies = ();
			name = DotiiManagementCenter;
			productName = DotiiManagementCenter;
			productReference = A10000000000000000000003 /* DotiiManagementCenter.app */;
			productType = "com.apple.product-type.application";
		};
		A1000000000000000000000B /* Sources */ = {
			isa = PBXSourcesBuildPhase;
			buildActionMask = 2147483647;
			files = (A10000000000000000000001 /* main.swift in Sources */);
			runOnlyForDeploymentPostprocessing = 0;
		};
		A1000000000000000000000C /* Frameworks */ = {isa = PBXFrameworksBuildPhase; buildActionMask = 2147483647; files = (); runOnlyForDeploymentPostprocessing = 0; };
		A1000000000000000000000D /* Resources */ = {
			isa = PBXResourcesBuildPhase;
			buildActionMask = 2147483647;
			files = (A10000000000000000000012 /* Assets.xcassets in Resources */);
			runOnlyForDeploymentPostprocessing = 0;
		};
		A1000000000000000000000E /* Debug project */ = {
			isa = XCBuildConfiguration;
			buildSettings = {
				CLANG_ENABLE_MODULES = YES;
				MACOSX_DEPLOYMENT_TARGET = 13.0;
				SDKROOT = macosx;
				SWIFT_VERSION = 5.0;
			};
			name = Debug;
		};
		A1000000000000000000000F /* Release project */ = {
			isa = XCBuildConfiguration;
			buildSettings = {
				CLANG_ENABLE_MODULES = YES;
				MACOSX_DEPLOYMENT_TARGET = 13.0;
				SDKROOT = macosx;
				SWIFT_VERSION = 5.0;
			};
			name = Release;
		};
		A10000000000000000000010 /* Debug target */ = {
			isa = XCBuildConfiguration;
			buildSettings = {
				ARCHS = arm64;
				ASSETCATALOG_COMPILER_APPICON_NAME = AppIcon;
				CODE_SIGNING_ALLOWED = NO;
				GENERATE_INFOPLIST_FILE = NO;
				INFOPLIST_FILE = ../../packaging/macos/Info.plist;
				LD_RUNPATH_SEARCH_PATHS = "$(inherited) @executable_path/../Frameworks";
				PRODUCT_BUNDLE_IDENTIFIER = "com.dotii.management-center";
				PRODUCT_NAME = DotiiManagementCenter;
				SWIFT_OPTIMIZATION_LEVEL = "-Onone";
			};
			name = Debug;
		};
		A10000000000000000000011 /* Release target */ = {
			isa = XCBuildConfiguration;
			buildSettings = {
				ARCHS = arm64;
				ASSETCATALOG_COMPILER_APPICON_NAME = AppIcon;
				CODE_SIGNING_ALLOWED = NO;
				GENERATE_INFOPLIST_FILE = NO;
				INFOPLIST_FILE = ../../packaging/macos/Info.plist;
				LD_RUNPATH_SEARCH_PATHS = "$(inherited) @executable_path/../Frameworks";
				PRODUCT_BUNDLE_IDENTIFIER = "com.dotii.management-center";
				PRODUCT_NAME = DotiiManagementCenter;
				SWIFT_COMPILATION_MODE = wholemodule;
			};
			name = Release;
		};
		A10000000000000000000008 /* Build configuration list for PBXProject */ = {
			isa = XCConfigurationList;
			buildConfigurations = (A1000000000000000000000E, A1000000000000000000000F);
			defaultConfigurationIsVisible = 0;
			defaultConfigurationName = Release;
		};
		A1000000000000000000000A /* Build configuration list for PBXNativeTarget */ = {
			isa = XCConfigurationList;
			buildConfigurations = (A10000000000000000000010, A10000000000000000000011);
			defaultConfigurationIsVisible = 0;
			defaultConfigurationName = Release;
		};
	};
	rootObject = A10000000000000000000007 /* Project object */;
}
